
Microsoft Visual Studio Solution File, Format Version 12.00
# Visual Studio 15
VisualStudioVersion = 15.0.27130.2036
MinimumVisualStudioVersion = 10.0.40219.1
Project("{9A19103F-16F7-4668-BE54-9A1E7A4F7556}") = "GenericWebServiceBuilder", "GenericWebServiceBuilder\GenericWebServiceBuilder.csproj", "{F88BF061-8F16-46A5-9BB0-BD3F6E7A7350}"
EndProject
Project("{9A19103F-16F7-4668-BE54-9A1E7A4F7556}") = "FileToDslModel.Tests", "FileToDsl.Tests\FileToDslModel.Tests.csproj", "{965FC29E-420E-48E6-950B-89220E7B6F34}"
EndProject
Global
	GlobalSection(SolutionConfigurationPlatforms) = preSolution
		Debug|Any CPU = Debug|Any CPU
		Release|Any CPU = Release|Any CPU
	EndGlobalSection
	GlobalSection(ProjectConfigurationPlatforms) = postSolution
		{F88BF061-8F16-46A5-9BB0-BD3F6E7A7350}.Debug|Any CPU.ActiveCfg = Debug|Any CPU
		{F88BF061-8F16-46A5-9BB0-BD3F6E7A7350}.Debug|Any CPU.Build.0 = Debug|Any CPU
		{F88BF061-8F16-46A5-9BB0-BD3F6E7A7350}.Release|Any CPU.ActiveCfg = Release|Any CPU
		{F88BF061-8F16-46A5-9BB0-BD3F6E7A7350}.Release|Any CPU.Build.0 = Release|Any CPU
		{965FC29E-420E-48E6-950B-89220E7B6F34}.Debug|Any CPU.ActiveCfg = Debug|Any CPU
		{965FC29E-420E-48E6-950B-89220E7B6F34}.Debug|Any CPU.Build.0 = Debug|Any CPU
		{965FC29E-420E-48E6-950B-89220E7B6F34}.Release|Any CPU.ActiveCfg = Release|Any CPU
		{965FC29E-420E-48E6-950B-89220E7B6F34}.Release|Any CPU.Build.0 = Release|Any CPU
	EndGlobalSection
	GlobalSection(SolutionProperties) = preSolution
		HideSolutionNode = FALSE
	EndGlobalSection
	GlobalSection(ExtensibilityGlobals) = postSolution
		SolutionGuid = {747E2B74-B637-4BD9-85AB-E180523E92C8}
	EndGlobalSection
EndGlobal
