
Microsoft Visual Studio Solution File, Format Version 12.00
# Visual Studio 15
VisualStudioVersion = 15.0.27130.2036
MinimumVisualStudioVersion = 10.0.40219.1
Project("{9A19103F-16F7-4668-BE54-9A1E7A4F7556}") = "GenericWebServiceBuilder", "GenericWebServiceBuilder\GenericWebServiceBuilder.csproj", "{F88BF061-8F16-46A5-9BB0-BD3F6E7A7350}"
EndProject
Project("{FAE04EC0-301F-11D3-BF4B-00C04F79EFBC}") = "FileToDslModel", "FileToDslModel\FileToDslModel.csproj", "{BAF09E3B-1D00-4E14-A67C-59A968085A62}"
EndProject
Project("{FAE04EC0-301F-11D3-BF4B-00C04F79EFBC}") = "DslModel", "DslModel\DslModel.csproj", "{0CA6742E-59CF-40F0-9839-BE27C18762CE}"
EndProject
Project("{FAE04EC0-301F-11D3-BF4B-00C04F79EFBC}") = "DslModelToCSharp", "DslModelToCSharp\DslModelToCSharp.csproj", "{7332A0A1-AA53-41A5-96FC-7E5BD2080840}"
EndProject
Project("{9A19103F-16F7-4668-BE54-9A1E7A4F7556}") = "FileToDslModel.Tests", "FileToDslModel.Tests\FileToDslModel.Tests.csproj", "{FE20D9D4-8623-4FE7-A5AB-69C487DAE05C}"
EndProject
Global
	GlobalSection(SolutionConfigurationPlatforms) = preSolution
		Debug|Any CPU = Debug|Any CPU
		Release|Any CPU = Release|Any CPU
	EndGlobalSection
	GlobalSection(ProjectConfigurationPlatforms) = postSolution
		{F88BF061-8F16-46A5-9BB0-BD3F6E7A7350}.Debug|Any CPU.ActiveCfg = Debug|Any CPU
		{F88BF061-8F16-46A5-9BB0-BD3F6E7A7350}.Debug|Any CPU.Build.0 = Debug|Any CPU
		{F88BF061-8F16-46A5-9BB0-BD3F6E7A7350}.Release|Any CPU.ActiveCfg = Release|Any CPU
		{F88BF061-8F16-46A5-9BB0-BD3F6E7A7350}.Release|Any CPU.Build.0 = Release|Any CPU
		{BAF09E3B-1D00-4E14-A67C-59A968085A62}.Debug|Any CPU.ActiveCfg = Debug|Any CPU
		{BAF09E3B-1D00-4E14-A67C-59A968085A62}.Debug|Any CPU.Build.0 = Debug|Any CPU
		{BAF09E3B-1D00-4E14-A67C-59A968085A62}.Release|Any CPU.ActiveCfg = Release|Any CPU
		{BAF09E3B-1D00-4E14-A67C-59A968085A62}.Release|Any CPU.Build.0 = Release|Any CPU
		{0CA6742E-59CF-40F0-9839-BE27C18762CE}.Debug|Any CPU.ActiveCfg = Debug|Any CPU
		{0CA6742E-59CF-40F0-9839-BE27C18762CE}.Debug|Any CPU.Build.0 = Debug|Any CPU
		{0CA6742E-59CF-40F0-9839-BE27C18762CE}.Release|Any CPU.ActiveCfg = Release|Any CPU
		{0CA6742E-59CF-40F0-9839-BE27C18762CE}.Release|Any CPU.Build.0 = Release|Any CPU
		{7332A0A1-AA53-41A5-96FC-7E5BD2080840}.Debug|Any CPU.ActiveCfg = Debug|Any CPU
		{7332A0A1-AA53-41A5-96FC-7E5BD2080840}.Debug|Any CPU.Build.0 = Debug|Any CPU
		{7332A0A1-AA53-41A5-96FC-7E5BD2080840}.Release|Any CPU.ActiveCfg = Release|Any CPU
		{7332A0A1-AA53-41A5-96FC-7E5BD2080840}.Release|Any CPU.Build.0 = Release|Any CPU
		{FE20D9D4-8623-4FE7-A5AB-69C487DAE05C}.Debug|Any CPU.ActiveCfg = Debug|Any CPU
		{FE20D9D4-8623-4FE7-A5AB-69C487DAE05C}.Debug|Any CPU.Build.0 = Debug|Any CPU
		{FE20D9D4-8623-4FE7-A5AB-69C487DAE05C}.Release|Any CPU.ActiveCfg = Release|Any CPU
		{FE20D9D4-8623-4FE7-A5AB-69C487DAE05C}.Release|Any CPU.Build.0 = Release|Any CPU
	EndGlobalSection
	GlobalSection(SolutionProperties) = preSolution
		HideSolutionNode = FALSE
	EndGlobalSection
	GlobalSection(ExtensibilityGlobals) = postSolution
		SolutionGuid = {747E2B74-B637-4BD9-85AB-E180523E92C8}
	EndGlobalSection
EndGlobal
